
Microsoft Visual Studio Solution File, Format Version 12.00
# Visual Studio Version 17
VisualStudioVersion = 17.10.35027.167
MinimumVisualStudioVersion = 10.0.40219.1
Project("{FAE04EC0-301F-11D3-BF4B-00C04F79EFBC}") = "LeaveManagementSystem.Web", "LeaveManagementSystem.Web\LeaveManagementSystem.Web.csproj", "{D3DB4530-1389-4E23-A3BD-5C97EB5BD54F}"
EndProject
Global
	GlobalSection(SolutionConfigurationPlatforms) = preSolution
		Debug|Any CPU = Debug|Any CPU
		Release|Any CPU = Release|Any CPU
	EndGlobalSection
	GlobalSection(ProjectConfigurationPlatforms) = postSolution
		{D3DB4530-1389-4E23-A3BD-5C97EB5BD54F}.Debug|Any CPU.ActiveCfg = Debug|Any CPU
		{D3DB4530-1389-4E23-A3BD-5C97EB5BD54F}.Debug|Any CPU.Build.0 = Debug|Any CPU
		{D3DB4530-1389-4E23-A3BD-5C97EB5BD54F}.Release|Any CPU.ActiveCfg = Release|Any CPU
		{D3DB4530-1389-4E23-A3BD-5C97EB5BD54F}.Release|Any CPU.Build.0 = Release|Any CPU
	EndGlobalSection
	GlobalSection(SolutionProperties) = preSolution
		HideSolutionNode = FALSE
	EndGlobalSection
	GlobalSection(ExtensibilityGlobals) = postSolution
		SolutionGuid = {CE5C7347-C378-4B34-AAB2-EF15E48B1B23}
	EndGlobalSection
EndGlobal
